
Microsoft Visual Studio Solution File, Format Version 12.00
# Visual Studio Version 17
VisualStudioVersion = 17.10.34916.146
MinimumVisualStudioVersion = 10.0.40219.1
Project("{9A19103F-16F7-4668-BE54-9A1E7A4F7556}") = "DotnetGrpcService", "DotnetGrpcService\DotnetGrpcService.csproj", "{F249EB47-DB84-423F-84BD-94830C887CE2}"
EndProject
Project("{9A19103F-16F7-4668-BE54-9A1E7A4F7556}") = "DotnetGrpcService.Client", "DotnetGrpcService.Client\DotnetGrpcService.Client.csproj", "{E6918E18-A2FF-48C1-A272-DA41E22E20BF}"
EndProject
Global
	GlobalSection(SolutionConfigurationPlatforms) = preSolution
		Debug|Any CPU = Debug|Any CPU
		Release|Any CPU = Release|Any CPU
	EndGlobalSection
	GlobalSection(ProjectConfigurationPlatforms) = postSolution
		{F249EB47-DB84-423F-84BD-94830C887CE2}.Debug|Any CPU.ActiveCfg = Debug|Any CPU
		{F249EB47-DB84-423F-84BD-94830C887CE2}.Debug|Any CPU.Build.0 = Debug|Any CPU
		{F249EB47-DB84-423F-84BD-94830C887CE2}.Release|Any CPU.ActiveCfg = Release|Any CPU
		{F249EB47-DB84-423F-84BD-94830C887CE2}.Release|Any CPU.Build.0 = Release|Any CPU
		{E6918E18-A2FF-48C1-A272-DA41E22E20BF}.Debug|Any CPU.ActiveCfg = Debug|Any CPU
		{E6918E18-A2FF-48C1-A272-DA41E22E20BF}.Debug|Any CPU.Build.0 = Debug|Any CPU
		{E6918E18-A2FF-48C1-A272-DA41E22E20BF}.Release|Any CPU.ActiveCfg = Release|Any CPU
		{E6918E18-A2FF-48C1-A272-DA41E22E20BF}.Release|Any CPU.Build.0 = Release|Any CPU
	EndGlobalSection
	GlobalSection(SolutionProperties) = preSolution
		HideSolutionNode = FALSE
	EndGlobalSection
	GlobalSection(ExtensibilityGlobals) = postSolution
		SolutionGuid = {EA20543A-ABA4-4CE5-898E-ED0FA6D18607}
	EndGlobalSection
EndGlobal
